// !$*UTF8*$!
{
	archiveVersion = 1;
	classes = {
	};
	objectVersion = 50;
	objects = {

/* Begin PBXBuildFile section */
		2A85B75621EE64D400E8F0E7 /* AppDelegate.swift in Sources */ = {isa = PBXBuildFile; fileRef = 2A85B75521EE64D400E8F0E7 /* AppDelegate.swift */; };
		2A85B75821EE64D400E8F0E7 /* ViewController.swift in Sources */ = {isa = PBXBuildFile; fileRef = 2A85B75721EE64D400E8F0E7 /* ViewController.swift */; };
		2A85B75B21EE64D400E8F0E7 /* Main.storyboard in Resources */ = {isa = PBXBuildFile; fileRef = 2A85B75921EE64D400E8F0E7 /* Main.storyboard */; };
		2A85B75D21EE64D500E8F0E7 /* Assets.xcassets in Resources */ = {isa = PBXBuildFile; fileRef = 2A85B75C21EE64D500E8F0E7 /* Assets.xcassets */; };
		2A85B76021EE64D500E8F0E7 /* LaunchScreen.storyboard in Resources */ = {isa = PBXBuildFile; fileRef = 2A85B75E21EE64D500E8F0E7 /* LaunchScreen.storyboard */; };
		2A85B76D21EE662A00E8F0E7 /* Account.swift in Sources */ = {isa = PBXBuildFile; fileRef = 2A85B76C21EE662A00E8F0E7 /* Account.swift */; };
		2A85B76F21EE97A800E8F0E7 /* AccountModel.swift in Sources */ = {isa = PBXBuildFile; fileRef = 2A85B76E21EE97A800E8F0E7 /* AccountModel.swift */; };
		2A85B77121EE97E200E8F0E7 /* AccountModel+TestData.swift in Sources */ = {isa = PBXBuildFile; fileRef = 2A85B77021EE97E200E8F0E7 /* AccountModel+TestData.swift */; };
		2A85B77321EE99DC00E8F0E7 /* AccountListPreseter.swift in Sources */ = {isa = PBXBuildFile; fileRef = 2A85B77221EE99DC00E8F0E7 /* AccountListPreseter.swift */; };
		2A85B77521EE9A8900E8F0E7 /* AccountListViewInterface.swift in Sources */ = {isa = PBXBuildFile; fileRef = 2A85B77421EE9A8900E8F0E7 /* AccountListViewInterface.swift */; };
/* End PBXBuildFile section */

/* Begin PBXFileReference section */
		2A85B75221EE64D400E8F0E7 /* TechnicalTestApp.app */ = {isa = PBXFileReference; explicitFileType = wrapper.application; includeInIndex = 0; path = TechnicalTestApp.app; sourceTree = BUILT_PRODUCTS_DIR; };
		2A85B75521EE64D400E8F0E7 /* AppDelegate.swift */ = {isa = PBXFileReference; lastKnownFileType = sourcecode.swift; path = AppDelegate.swift; sourceTree = "<group>"; };
		2A85B75721EE64D400E8F0E7 /* ViewController.swift */ = {isa = PBXFileReference; lastKnownFileType = sourcecode.swift; path = ViewController.swift; sourceTree = "<group>"; };
		2A85B75A21EE64D400E8F0E7 /* Base */ = {isa = PBXFileReference; lastKnownFileType = file.storyboard; name = Base; path = Base.lproj/Main.storyboard; sourceTree = "<group>"; };
		2A85B75C21EE64D500E8F0E7 /* Assets.xcassets */ = {isa = PBXFileReference; lastKnownFileType = folder.assetcatalog; path = Assets.xcassets; sourceTree = "<group>"; };
		2A85B75F21EE64D500E8F0E7 /* Base */ = {isa = PBXFileReference; lastKnownFileType = file.storyboard; name = Base; path = Base.lproj/LaunchScreen.storyboard; sourceTree = "<group>"; };
		2A85B76121EE64D500E8F0E7 /* Info.plist */ = {isa = PBXFileReference; lastKnownFileType = text.plist.xml; path = Info.plist; sourceTree = "<group>"; };
		2A85B76C21EE662A00E8F0E7 /* Account.swift */ = {isa = PBXFileReference; lastKnownFileType = sourcecode.swift; path = Account.swift; sourceTree = "<group>"; };
		2A85B76E21EE97A800E8F0E7 /* AccountModel.swift */ = {isa = PBXFileReference; lastKnownFileType = sourcecode.swift; path = AccountModel.swift; sourceTree = "<group>"; };
		2A85B77021EE97E200E8F0E7 /* AccountModel+TestData.swift */ = {isa = PBXFileReference; lastKnownFileType = sourcecode.swift; path = "AccountModel+TestData.swift"; sourceTree = "<group>"; };
		2A85B77221EE99DC00E8F0E7 /* AccountListPreseter.swift */ = {isa = PBXFileReference; lastKnownFileType = sourcecode.swift; path = AccountListPreseter.swift; sourceTree = "<group>"; };
		2A85B77421EE9A8900E8F0E7 /* AccountListViewInterface.swift */ = {isa = PBXFileReference; lastKnownFileType = sourcecode.swift; path = AccountListViewInterface.swift; sourceTree = "<group>"; };
/* End PBXFileReference section */

/* Begin PBXFrameworksBuildPhase section */
		2A85B74F21EE64D400E8F0E7 /* Frameworks */ = {
			isa = PBXFrameworksBuildPhase;
			buildActionMask = 2147483647;
			files = (
			);
			runOnlyForDeploymentPostprocessing = 0;
		};
/* End PBXFrameworksBuildPhase section */

/* Begin PBXGroup section */
		2A85B74921EE64D400E8F0E7 = {
			isa = PBXGroup;
			children = (
				2A85B75421EE64D400E8F0E7 /* TechnicalTestApp */,
				2A85B75321EE64D400E8F0E7 /* Products */,
			);
			sourceTree = "<group>";
		};
		2A85B75321EE64D400E8F0E7 /* Products */ = {
			isa = PBXGroup;
			children = (
				2A85B75221EE64D400E8F0E7 /* TechnicalTestApp.app */,
			);
			name = Products;
			sourceTree = "<group>";
		};
		2A85B75421EE64D400E8F0E7 /* TechnicalTestApp */ = {
			isa = PBXGroup;
			children = (
				2A85B76A21EE653500E8F0E7 /* Platform */,
				2A85B76821EE652500E8F0E7 /* Presentation */,
				2A85B76721EE651A00E8F0E7 /* Model */,
				2A85B76121EE64D500E8F0E7 /* Info.plist */,
			);
			path = TechnicalTestApp;
			sourceTree = "<group>";
		};
		2A85B76721EE651A00E8F0E7 /* Model */ = {
			isa = PBXGroup;
			children = (
				2A85B76C21EE662A00E8F0E7 /* Account.swift */,
				2A85B76E21EE97A800E8F0E7 /* AccountModel.swift */,
				2A85B77021EE97E200E8F0E7 /* AccountModel+TestData.swift */,
			);
			path = Model;
			sourceTree = "<group>";
		};
		2A85B76821EE652500E8F0E7 /* Presentation */ = {
			isa = PBXGroup;
			children = (
				2A85B76921EE652D00E8F0E7 /* Presenter */,
				2A85B77421EE9A8900E8F0E7 /* AccountListViewInterface.swift */,
			);
			path = Presentation;
			sourceTree = "<group>";
		};
		2A85B76921EE652D00E8F0E7 /* Presenter */ = {
			isa = PBXGroup;
			children = (
				2A85B77221EE99DC00E8F0E7 /* AccountListPreseter.swift */,
			);
			path = Presenter;
			sourceTree = "<group>";
		};
		2A85B76A21EE653500E8F0E7 /* Platform */ = {
			isa = PBXGroup;
			children = (
				2A85B75E21EE64D500E8F0E7 /* LaunchScreen.storyboard */,
				2A85B75C21EE64D500E8F0E7 /* Assets.xcassets */,
				2A85B75521EE64D400E8F0E7 /* AppDelegate.swift */,
				2A85B75921EE64D400E8F0E7 /* Main.storyboard */,
				2A85B76B21EE654700E8F0E7 /* View */,
			);
			path = Platform;
			sourceTree = "<group>";
		};
		2A85B76B21EE654700E8F0E7 /* View */ = {
			isa = PBXGroup;
			children = (
				2A85B75721EE64D400E8F0E7 /* ViewController.swift */,
			);
			path = View;
			sourceTree = "<group>";
		};
/* End PBXGroup section */

/* Begin PBXNativeTarget section */
		2A85B75121EE64D400E8F0E7 /* TechnicalTestApp */ = {
			isa = PBXNativeTarget;
			buildConfigurationList = 2A85B76421EE64D500E8F0E7 /* Build configuration list for PBXNativeTarget "TechnicalTestApp" */;
			buildPhases = (
				2A85B74E21EE64D400E8F0E7 /* Sources */,
				2A85B74F21EE64D400E8F0E7 /* Frameworks */,
				2A85B75021EE64D400E8F0E7 /* Resources */,
			);
			buildRules = (
			);
			dependencies = (
			);
			name = TechnicalTestApp;
			productName = TechnicalTestApp;
			productReference = 2A85B75221EE64D400E8F0E7 /* TechnicalTestApp.app */;
			productType = "com.apple.product-type.application";
		};
/* End PBXNativeTarget section */

/* Begin PBXProject section */
		2A85B74A21EE64D400E8F0E7 /* Project object */ = {
			isa = PBXProject;
			attributes = {
				LastSwiftUpdateCheck = 0940;
				LastUpgradeCheck = 0940;
				ORGANIZATIONNAME = MariaDonet;
				TargetAttributes = {
					2A85B75121EE64D400E8F0E7 = {
						CreatedOnToolsVersion = 9.4.1;
					};
				};
			};
			buildConfigurationList = 2A85B74D21EE64D400E8F0E7 /* Build configuration list for PBXProject "TechnicalTestApp" */;
			compatibilityVersion = "Xcode 9.3";
			developmentRegion = en;
			hasScannedForEncodings = 0;
			knownRegions = (
				en,
				Base,
			);
			mainGroup = 2A85B74921EE64D400E8F0E7;
			productRefGroup = 2A85B75321EE64D400E8F0E7 /* Products */;
			projectDirPath = "";
			projectRoot = "";
			targets = (
				2A85B75121EE64D400E8F0E7 /* TechnicalTestApp */,
			);
		};
/* End PBXProject section */

/* Begin PBXResourcesBuildPhase section */
		2A85B75021EE64D400E8F0E7 /* Resources */ = {
			isa = PBXResourcesBuildPhase;
			buildActionMask = 2147483647;
			files = (
				2A85B76021EE64D500E8F0E7 /* LaunchScreen.storyboard in Resources */,
				2A85B75D21EE64D500E8F0E7 /* Assets.xcassets in Resources */,
				2A85B75B21EE64D400E8F0E7 /* Main.storyboard in Resources */,
			);
			runOnlyForDeploymentPostprocessing = 0;
		};
/* End PBXResourcesBuildPhase section */

/* Begin PBXSourcesBuildPhase section */
		2A85B74E21EE64D400E8F0E7 /* Sources */ = {
			isa = PBXSourcesBuildPhase;
			buildActionMask = 2147483647;
			files = (
				2A85B75821EE64D400E8F0E7 /* ViewController.swift in Sources */,
				2A85B77321EE99DC00E8F0E7 /* AccountListPreseter.swift in Sources */,
				2A85B75621EE64D400E8F0E7 /* AppDelegate.swift in Sources */,
				2A85B76D21EE662A00E8F0E7 /* Account.swift in Sources */,
				2A85B76F21EE97A800E8F0E7 /* AccountModel.swift in Sources */,
				2A85B77521EE9A8900E8F0E7 /* AccountListViewInterface.swift in Sources */,
				2A85B77121EE97E200E8F0E7 /* AccountModel+TestData.swift in Sources */,
			);
			runOnlyForDeploymentPostprocessing = 0;
		};
/* End PBXSourcesBuildPhase section */

/* Begin PBXVariantGroup section */
		2A85B75921EE64D400E8F0E7 /* Main.storyboard */ = {
			isa = PBXVariantGroup;
			children = (
				2A85B75A21EE64D400E8F0E7 /* Base */,
			);
			name = Main.storyboard;
			sourceTree = "<group>";
		};
		2A85B75E21EE64D500E8F0E7 /* LaunchScreen.storyboard */ = {
			isa = PBXVariantGroup;
			children = (
				2A85B75F21EE64D500E8F0E7 /* Base */,
			);
			name = LaunchScreen.storyboard;
			sourceTree = "<group>";
		};
/* End PBXVariantGroup section */

/* Begin XCBuildConfiguration section */
		2A85B76221EE64D500E8F0E7 /* Debug */ = {
			isa = XCBuildConfiguration;
			buildSettings = {
				ALWAYS_SEARCH_USER_PATHS = NO;
				CLANG_ANALYZER_NONNULL = YES;
				CLANG_ANALYZER_NUMBER_OBJECT_CONVERSION = YES_AGGRESSIVE;
				CLANG_CXX_LANGUAGE_STANDARD = "gnu++14";
				CLANG_CXX_LIBRARY = "libc++";
				CLANG_ENABLE_MODULES = YES;
				CLANG_ENABLE_OBJC_ARC = YES;
				CLANG_ENABLE_OBJC_WEAK = YES;
				CLANG_WARN_BLOCK_CAPTURE_AUTORELEASING = YES;
				CLANG_WARN_BOOL_CONVERSION = YES;
				CLANG_WARN_COMMA = YES;
				CLANG_WARN_CONSTANT_CONVERSION = YES;
				CLANG_WARN_DEPRECATED_OBJC_IMPLEMENTATIONS = YES;
				CLANG_WARN_DIRECT_OBJC_ISA_USAGE = YES_ERROR;
				CLANG_WARN_DOCUMENTATION_COMMENTS = YES;
				CLANG_WARN_EMPTY_BODY = YES;
				CLANG_WARN_ENUM_CONVERSION = YES;
				CLANG_WARN_INFINITE_RECURSION = YES;
				CLANG_WARN_INT_CONVERSION = YES;
				CLANG_WARN_NON_LITERAL_NULL_CONVERSION = YES;
				CLANG_WARN_OBJC_IMPLICIT_RETAIN_SELF = YES;
				CLANG_WARN_OBJC_LITERAL_CONVERSION = YES;
				CLANG_WARN_OBJC_ROOT_CLASS = YES_ERROR;
				CLANG_WARN_RANGE_LOOP_ANALYSIS = YES;
				CLANG_WARN_STRICT_PROTOTYPES = YES;
				CLANG_WARN_SUSPICIOUS_MOVE = YES;
				CLANG_WARN_UNGUARDED_AVAILABILITY = YES_AGGRESSIVE;
				CLANG_WARN_UNREACHABLE_CODE = YES;
				CLANG_WARN__DUPLICATE_METHOD_MATCH = YES;
				CODE_SIGN_IDENTITY = "iPhone Developer";
				COPY_PHASE_STRIP = NO;
				DEBUG_INFORMATION_FORMAT = dwarf;
				ENABLE_STRICT_OBJC_MSGSEND = YES;
				ENABLE_TESTABILITY = YES;
				GCC_C_LANGUAGE_STANDARD = gnu11;
				GCC_DYNAMIC_NO_PIC = NO;
				GCC_NO_COMMON_BLOCKS = YES;
				GCC_OPTIMIZATION_LEVEL = 0;
				GCC_PREPROCESSOR_DEFINITIONS = (
					"DEBUG=1",
					"$(inherited)",
				);
				GCC_WARN_64_TO_32_BIT_CONVERSION = YES;
				GCC_WARN_ABOUT_RETURN_TYPE = YES_ERROR;
				GCC_WARN_UNDECLARED_SELECTOR = YES;
				GCC_WARN_UNINITIALIZED_AUTOS = YES_AGGRESSIVE;
				GCC_WARN_UNUSED_FUNCTION = YES;
				GCC_WARN_UNUSED_VARIABLE = YES;
				IPHONEOS_DEPLOYMENT_TARGET = 11.4;
				MTL_ENABLE_DEBUG_INFO = YES;
				ONLY_ACTIVE_ARCH = YES;
				SDKROOT = iphoneos;
				SWIFT_ACTIVE_COMPILATION_CONDITIONS = DEBUG;
				SWIFT_OPTIMIZATION_LEVEL = "-Onone";
			};
			name = Debug;
		};
		2A85B76321EE64D500E8F0E7 /* Release */ = {
			isa = XCBuildConfiguration;
			buildSettings = {
				ALWAYS_SEARCH_USER_PATHS = NO;
				CLANG_ANALYZER_NONNULL = YES;
				CLANG_ANALYZER_NUMBER_OBJECT_CONVERSION = YES_AGGRESSIVE;
				CLANG_CXX_LANGUAGE_STANDARD = "gnu++14";
				CLANG_CXX_LIBRARY = "libc++";
				CLANG_ENABLE_MODULES = YES;
				CLANG_ENABLE_OBJC_ARC = YES;
				CLANG_ENABLE_OBJC_WEAK = YES;
				CLANG_WARN_BLOCK_CAPTURE_AUTORELEASING = YES;
				CLANG_WARN_BOOL_CONVERSION = YES;
				CLANG_WARN_COMMA = YES;
				CLANG_WARN_CONSTANT_CONVERSION = YES;
				CLANG_WARN_DEPRECATED_OBJC_IMPLEMENTATIONS = YES;
				CLANG_WARN_DIRECT_OBJC_ISA_USAGE = YES_ERROR;
				CLANG_WARN_DOCUMENTATION_COMMENTS = YES;
				CLANG_WARN_EMPTY_BODY = YES;
				CLANG_WARN_ENUM_CONVERSION = YES;
				CLANG_WARN_INFINITE_RECURSION = YES;
				CLANG_WARN_INT_CONVERSION = YES;
				CLANG_WARN_NON_LITERAL_NULL_CONVERSION = YES;
				CLANG_WARN_OBJC_IMPLICIT_RETAIN_SELF = YES;
				CLANG_WARN_OBJC_LITERAL_CONVERSION = YES;
				CLANG_WARN_OBJC_ROOT_CLASS = YES_ERROR;
				CLANG_WARN_RANGE_LOOP_ANALYSIS = YES;
				CLANG_WARN_STRICT_PROTOTYPES = YES;
				CLANG_WARN_SUSPICIOUS_MOVE = YES;
				CLANG_WARN_UNGUARDED_AVAILABILITY = YES_AGGRESSIVE;
				CLANG_WARN_UNREACHABLE_CODE = YES;
				CLANG_WARN__DUPLICATE_METHOD_MATCH = YES;
				CODE_SIGN_IDENTITY = "iPhone Developer";
				COPY_PHASE_STRIP = NO;
				DEBUG_INFORMATION_FORMAT = "dwarf-with-dsym";
				ENABLE_NS_ASSERTIONS = NO;
				ENABLE_STRICT_OBJC_MSGSEND = YES;
				GCC_C_LANGUAGE_STANDARD = gnu11;
				GCC_NO_COMMON_BLOCKS = YES;
				GCC_WARN_64_TO_32_BIT_CONVERSION = YES;
				GCC_WARN_ABOUT_RETURN_TYPE = YES_ERROR;
				GCC_WARN_UNDECLARED_SELECTOR = YES;
				GCC_WARN_UNINITIALIZED_AUTOS = YES_AGGRESSIVE;
				GCC_WARN_UNUSED_FUNCTION = YES;
				GCC_WARN_UNUSED_VARIABLE = YES;
				IPHONEOS_DEPLOYMENT_TARGET = 11.4;
				MTL_ENABLE_DEBUG_INFO = NO;
				SDKROOT = iphoneos;
				SWIFT_COMPILATION_MODE = wholemodule;
				SWIFT_OPTIMIZATION_LEVEL = "-O";
				VALIDATE_PRODUCT = YES;
			};
			name = Release;
		};
		2A85B76521EE64D500E8F0E7 /* Debug */ = {
			isa = XCBuildConfiguration;
			buildSettings = {
				ASSETCATALOG_COMPILER_APPICON_NAME = AppIcon;
				CODE_SIGN_STYLE = Automatic;
				INFOPLIST_FILE = TechnicalTestApp/Info.plist;
				LD_RUNPATH_SEARCH_PATHS = (
					"$(inherited)",
					"@executable_path/Frameworks",
				);
				PRODUCT_BUNDLE_IDENTIFIER = com.madocli.TechnicalTestApp;
				PRODUCT_NAME = "$(TARGET_NAME)";
				SWIFT_VERSION = 4.0;
				TARGETED_DEVICE_FAMILY = "1,2";
			};
			name = Debug;
		};
		2A85B76621EE64D500E8F0E7 /* Release */ = {
			isa = XCBuildConfiguration;
			buildSettings = {
				ASSETCATALOG_COMPILER_APPICON_NAME = AppIcon;
				CODE_SIGN_STYLE = Automatic;
				INFOPLIST_FILE = TechnicalTestApp/Info.plist;
				LD_RUNPATH_SEARCH_PATHS = (
					"$(inherited)",
					"@executable_path/Frameworks",
				);
				PRODUCT_BUNDLE_IDENTIFIER = com.madocli.TechnicalTestApp;
				PRODUCT_NAME = "$(TARGET_NAME)";
				SWIFT_VERSION = 4.0;
				TARGETED_DEVICE_FAMILY = "1,2";
			};
			name = Release;
		};
/* End XCBuildConfiguration section */

/* Begin XCConfigurationList section */
		2A85B74D21EE64D400E8F0E7 /* Build configuration list for PBXProject "TechnicalTestApp" */ = {
			isa = XCConfigurationList;
			buildConfigurations = (
				2A85B76221EE64D500E8F0E7 /* Debug */,
				2A85B76321EE64D500E8F0E7 /* Release */,
			);
			defaultConfigurationIsVisible = 0;
			defaultConfigurationName = Release;
		};
		2A85B76421EE64D500E8F0E7 /* Build configuration list for PBXNativeTarget "TechnicalTestApp" */ = {
			isa = XCConfigurationList;
			buildConfigurations = (
				2A85B76521EE64D500E8F0E7 /* Debug */,
				2A85B76621EE64D500E8F0E7 /* Release */,
			);
			defaultConfigurationIsVisible = 0;
			defaultConfigurationName = Release;
		};
/* End XCConfigurationList section */
	};
	rootObject = 2A85B74A21EE64D400E8F0E7 /* Project object */;
}
